
Microsoft Visual Studio Solution File, Format Version 12.00
# Visual Studio Version 17
VisualStudioVersion = 17.11.35312.102
MinimumVisualStudioVersion = 10.0.40219.1
Project("{FAE04EC0-301F-11D3-BF4B-00C04F79EFBC}") = "EmployeeCRUD", "EmployeeCRUD\EmployeeCRUD.csproj", "{9E4CFBA1-8A0A-4D80-A36C-68779F83E05D}"
EndProject
Global
	GlobalSection(SolutionConfigurationPlatforms) = preSolution
		Debug|Any CPU = Debug|Any CPU
		Release|Any CPU = Release|Any CPU
	EndGlobalSection
	GlobalSection(ProjectConfigurationPlatforms) = postSolution
		{9E4CFBA1-8A0A-4D80-A36C-68779F83E05D}.Debug|Any CPU.ActiveCfg = Debug|Any CPU
		{9E4CFBA1-8A0A-4D80-A36C-68779F83E05D}.Debug|Any CPU.Build.0 = Debug|Any CPU
		{9E4CFBA1-8A0A-4D80-A36C-68779F83E05D}.Release|Any CPU.ActiveCfg = Release|Any CPU
		{9E4CFBA1-8A0A-4D80-A36C-68779F83E05D}.Release|Any CPU.Build.0 = Release|Any CPU
	EndGlobalSection
	GlobalSection(SolutionProperties) = preSolution
		HideSolutionNode = FALSE
	EndGlobalSection
	GlobalSection(ExtensibilityGlobals) = postSolution
		SolutionGuid = {BFCE5525-BE3A-4FDF-AB4B-7A5A2CB06D85}
	EndGlobalSection
EndGlobal
